{
  "lockfile_version": "1",
  "packages": {
    "awscli2@latest": {
      "last_modified": "2025-03-18T04:27:45Z",
      "resolved": "github:NixOS/nixpkgs/3549532663732bfd89993204d40543e9edaec4f2#awscli2",
      "source": "devbox-search",
      "version": "2.24.24",
      "systems": {
        "aarch64-darwin": {
          "outputs": [
            {
              "name": "out",
              "path": "/nix/store/2yb8zaj343sxwvnibnvrkaga5w19bdj9-awscli2-2.24.24",
              "default": true
            },
            {
              "name": "dist",
              "path": "/nix/store/fg4r9a0flxcnxhnnmzp22fpy388fvnlp-awscli2-2.24.24-dist"
            }
          ],
          "store_path": "/nix/store/2yb8zaj343sxwvnibnvrkaga5w19bdj9-awscli2-2.24.24"
        },
        "aarch64-linux": {
          "outputs": [
            {
              "name": "out",
              "path": "/nix/store/753hysvhx2xg6wn2pdvfl0p572kb8nqy-awscli2-2.24.24",
              "default": true
            },
            {
              "name": "dist",
              "path": "/nix/store/ays2panlk307bki0044wjhngci67hr6z-awscli2-2.24.24-dist"
            }
          ],
          "store_path": "/nix/store/753hysvhx2xg6wn2pdvfl0p572kb8nqy-awscli2-2.24.24"
        },
        "x86_64-darwin": {
          "outputs": [
            {
              "name": "out",
              "path": "/nix/store/vxz0ljsa95sa5p4l31h608ac9yjafv9v-awscli2-2.24.24",
              "default": true
            },
            {
              "name": "dist",
              "path": "/nix/store/48h2dzzzy7lrs9z2j8snvxx2jglqvyvi-awscli2-2.24.24-dist"
            }
          ],
          "store_path": "/nix/store/vxz0ljsa95sa5p4l31h608ac9yjafv9v-awscli2-2.24.24"
        },
        "x86_64-linux": {
          "outputs": [
            {
              "name": "out",
              "path": "/nix/store/i3vfwgkbp3a5qpl4zjga771r3mvk5aq7-awscli2-2.24.24",
              "default": true
            },
            {
              "name": "dist",
              "path": "/nix/store/qkw3d8xa8bs8f1q9ppk9199gw8zp5z98-awscli2-2.24.24-dist"
            }
          ],
          "store_path": "/nix/store/i3vfwgkbp3a5qpl4zjga771r3mvk5aq7-awscli2-2.24.24"
        }
      }
    },
    "delve@latest": {
      "last_modified": "2025-03-16T16:17:41Z",
      "resolved": "github:NixOS/nixpkgs/8f76cf16b17c51ae0cc8e55488069593f6dab645#delve",
      "source": "devbox-search",
      "version": "1.24.1",
      "systems": {
        "aarch64-darwin": {
          "outputs": [
            {
              "name": "out",
              "path": "/nix/store/fwkl0xwbplbks24sqyapddjkd5fsznbv-delve-1.24.1",
              "default": true
            }
          ],
          "store_path": "/nix/store/fwkl0xwbplbks24sqyapddjkd5fsznbv-delve-1.24.1"
        },
        "aarch64-linux": {
          "outputs": [
            {
              "name": "out",
              "path": "/nix/store/zyfrxdw63xqfbn06zcfgfip9rpcnvizd-delve-1.24.1",
              "default": true
            }
          ],
          "store_path": "/nix/store/zyfrxdw63xqfbn06zcfgfip9rpcnvizd-delve-1.24.1"
        },
        "x86_64-darwin": {
          "outputs": [
            {
              "name": "out",
              "path": "/nix/store/5d7h4a0xyw2hbablaiyjr99k8wi9avpg-delve-1.24.1",
              "default": true
            }
          ],
          "store_path": "/nix/store/5d7h4a0xyw2hbablaiyjr99k8wi9avpg-delve-1.24.1"
        },
        "x86_64-linux": {
          "outputs": [
            {
              "name": "out",
              "path": "/nix/store/154hrs4h5qgwrv4dhb0zl6w7cxyy6wxp-delve-1.24.1",
              "default": true
            }
          ],
          "store_path": "/nix/store/154hrs4h5qgwrv4dhb0zl6w7cxyy6wxp-delve-1.24.1"
        }
      }
    },
    "github:NixOS/nixpkgs/nixpkgs-unstable": {
      "resolved": "github:NixOS/nixpkgs/6c5963357f3c1c840201eda129a99d455074db04?lastModified=1743076231&narHash=sha256-yQugdVfi316qUfqzN8JMaA2vixl%2B45GxNm4oUfXlbgw%3D"
    },
    "go@latest": {
      "last_modified": "2025-03-11T17:52:14Z",
      "resolved": "github:NixOS/nixpkgs/0d534853a55b5d02a4ababa1d71921ce8f0aee4c#go",
      "source": "devbox-search",
      "version": "1.24.1",
      "systems": {
        "aarch64-darwin": {
          "outputs": [
            {
              "name": "out",
              "path": "/nix/store/ja4jxx60lh1qfqfl4z4p2rff56ia1c3c-go-1.24.1",
              "default": true
            }
          ],
          "store_path": "/nix/store/ja4jxx60lh1qfqfl4z4p2rff56ia1c3c-go-1.24.1"
        },
        "aarch64-linux": {
          "outputs": [
            {
              "name": "out",
              "path": "/nix/store/8ply43gnxk1xwichr81mpgbjcd9a1y5w-go-1.24.1",
              "default": true
            }
          ],
          "store_path": "/nix/store/8ply43gnxk1xwichr81mpgbjcd9a1y5w-go-1.24.1"
        },
        "x86_64-darwin": {
          "outputs": [
            {
              "name": "out",
              "path": "/nix/store/87yxrfx5lh78bdz393i33cr5z23x06q4-go-1.24.1",
              "default": true
            }
          ],
          "store_path": "/nix/store/87yxrfx5lh78bdz393i33cr5z23x06q4-go-1.24.1"
        },
        "x86_64-linux": {
          "outputs": [
            {
              "name": "out",
              "path": "/nix/store/cfjhl0kn7xc65466pha9fkrvigw3g72n-go-1.24.1",
              "default": true
            }
          ],
          "store_path": "/nix/store/cfjhl0kn7xc65466pha9fkrvigw3g72n-go-1.24.1"
        }
      }
    },
    "sqlite@latest": {
      "last_modified": "2025-03-27T11:50:31Z",
      "resolved": "github:NixOS/nixpkgs/6c5963357f3c1c840201eda129a99d455074db04#sqlite",
      "source": "devbox-search",
      "version": "3.48.0",
      "systems": {
        "aarch64-darwin": {
          "outputs": [
            {
              "name": "bin",
              "path": "/nix/store/waxbjx406lfk73rbz4q0bsacb46c5rxg-sqlite-3.48.0-bin",
              "default": true
            },
            {
              "name": "man",
              "path": "/nix/store/wbbq2kgsvl5c9nbx78pwmlg7ib5ybq5j-sqlite-3.48.0-man",
              "default": true
            },
            {
              "name": "dev",
              "path": "/nix/store/0yysh964al76d622jg28g6pkbjhblz7i-sqlite-3.48.0-dev"
            },
            {
              "name": "doc",
              "path": "/nix/store/7ay0nj9n4x6by0lfz9yma2dgygg8x3cs-sqlite-3.48.0-doc"
            },
            {
              "name": "out",
              "path": "/nix/store/vxhmpp6q709fwrmdzzdbb7g5jbk63wr4-sqlite-3.48.0"
            }
          ],
          "store_path": "/nix/store/waxbjx406lfk73rbz4q0bsacb46c5rxg-sqlite-3.48.0-bin"
        },
        "aarch64-linux": {
          "outputs": [
            {
              "name": "bin",
              "path": "/nix/store/f69nf71kcw7a50mb4bh7mnyrix8jslaq-sqlite-3.48.0-bin",
              "default": true
            },
            {
              "name": "man",
              "path": "/nix/store/qciv9x7alnxvym8w04viy1z3nbz1dpgm-sqlite-3.48.0-man",
              "default": true
            },
            {
              "name": "debug",
              "path": "/nix/store/ac0vp8pkgyrpq7nx5jprlz6by2r1d0bf-sqlite-3.48.0-debug"
            },
            {
              "name": "dev",
              "path": "/nix/store/3m775wznw14kpg6570gipvj5jvy3s1i8-sqlite-3.48.0-dev"
            },
            {
              "name": "doc",
              "path": "/nix/store/ibcg7nabmj8aa73c20bga0ic8zx6i654-sqlite-3.48.0-doc"
            },
            {
              "name": "out",
              "path": "/nix/store/x4nzxi8clih1rvs2pll815rm7q1s3d2i-sqlite-3.48.0"
            }
          ],
          "store_path": "/nix/store/f69nf71kcw7a50mb4bh7mnyrix8jslaq-sqlite-3.48.0-bin"
        },
        "x86_64-darwin": {
          "outputs": [
            {
              "name": "bin",
              "path": "/nix/store/728fy3v4a69z9crfsvf0y4v9wzxk045n-sqlite-3.48.0-bin",
              "default": true
            },
            {
              "name": "man",
              "path": "/nix/store/n5wy6pmyjkdd8m5wpwmavp50yczik76b-sqlite-3.48.0-man",
              "default": true
            },
            {
              "name": "dev",
              "path": "/nix/store/ahjbrpwlbzxlhh0448xsqw6kysc41nmb-sqlite-3.48.0-dev"
            },
            {
              "name": "doc",
              "path": "/nix/store/yjh1bg16ysswy2xij4l131mzmbyqvkac-sqlite-3.48.0-doc"
            },
            {
              "name": "out",
              "path": "/nix/store/bkjkrpfm60bhsmhkzk1zvpj1r8zgv3dq-sqlite-3.48.0"
            }
          ],
          "store_path": "/nix/store/728fy3v4a69z9crfsvf0y4v9wzxk045n-sqlite-3.48.0-bin"
        },
        "x86_64-linux": {
          "outputs": [
            {
              "name": "bin",
              "path": "/nix/store/7f7pwbl3wx3kxpflxc66yrqqsdiwzvwj-sqlite-3.48.0-bin",
              "default": true
            },
            {
              "name": "man",
              "path": "/nix/store/7rm2m74rigbfmpssfsdai2y5s53ivha4-sqlite-3.48.0-man",
              "default": true
            },
            {
              "name": "debug",
              "path": "/nix/store/y1yy8gd90f2ipmsa1ikh93ghqpaxql5n-sqlite-3.48.0-debug"
            },
            {
              "name": "dev",
              "path": "/nix/store/n2qk0bd06qk75jwy8nlh2iadpkxvaff6-sqlite-3.48.0-dev"
            },
            {
              "name": "doc",
              "path": "/nix/store/01q4lwkm2k6apl1hqj0rvy10ycl85j1g-sqlite-3.48.0-doc"
            },
            {
              "name": "out",
              "path": "/nix/store/kz7q992dqpfcbzi1ic9qdss1k7bcihnj-sqlite-3.48.0"
            }
          ],
          "store_path": "/nix/store/7f7pwbl3wx3kxpflxc66yrqqsdiwzvwj-sqlite-3.48.0-bin"
        }
      }
    }
  }
}
